PODS:
  - ElloOSSUIFonts (2.0.0)
  - Nimble (5.1.1)
  - Quick (1.0.0)

DEPENDENCIES:
  - ElloOSSUIFonts (from `../`)
  - Nimble (~> 5.1.0)
  - Quick (~> 1.0.0)

EXTERNAL SOURCES:
  ElloOSSUIFonts:
    :path: "../"

SPEC CHECKSUMS:
  ElloOSSUIFonts: ca8b532b922cbff579aecf46fdaa73364dc25f36
  Nimble: 415e3aa3267e7bc2c96b05fa814ddea7bb686a29
  Quick: 8024e4a47e6cc03a9d5245ef0948264fc6d27cff

PODFILE CHECKSUM: fc41b16779a88724d6d73e8578213cbbd65c9572

COCOAPODS: 1.1.1
