PODS:
  - ElloOSSUIFonts (1.0.1)
  - Nimble (3.0.0)
  - Quick (0.8.0)

DEPENDENCIES:
  - ElloOSSUIFonts (from `../`)
  - Nimble (= 3.0.0)
  - Quick (~> 0.8.0)

EXTERNAL SOURCES:
  ElloOSSUIFonts:
    :path: "../"

SPEC CHECKSUMS:
  ElloOSSUIFonts: e00b3bee027977b5033aae1729cd1f35172743a5
  Nimble: 4c353d43735b38b545cbb4cb91504588eb5de926
  Quick: 563d0f6ec5f72e394645adb377708639b7dd38ab

PODFILE CHECKSUM: a54014ffa2923af48ec34ddb0b1e831d03551bb9

COCOAPODS: 1.0.1
